
Microsoft Visual Studio Solution File, Format Version 12.00
# Visual Studio Version 17
VisualStudioVersion = 17.8.34322.80
MinimumVisualStudioVersion = 10.0.40219.1
Project("{FAE04EC0-301F-11D3-BF4B-00C04F79EFBC}") = "TraversiaApiInterview", "TraversiaApiInterview\TraversiaApiInterview.csproj", "{E670A39C-29FE-4152-9BC3-0C54E6FAEDD0}"
EndProject
Global
	GlobalSection(SolutionConfigurationPlatforms) = preSolution
		Debug|Any CPU = Debug|Any CPU
		Release|Any CPU = Release|Any CPU
	EndGlobalSection
	GlobalSection(ProjectConfigurationPlatforms) = postSolution
		{E670A39C-29FE-4152-9BC3-0C54E6FAEDD0}.Debug|Any CPU.ActiveCfg = Debug|Any CPU
		{E670A39C-29FE-4152-9BC3-0C54E6FAEDD0}.Debug|Any CPU.Build.0 = Debug|Any CPU
		{E670A39C-29FE-4152-9BC3-0C54E6FAEDD0}.Release|Any CPU.ActiveCfg = Release|Any CPU
		{E670A39C-29FE-4152-9BC3-0C54E6FAEDD0}.Release|Any CPU.Build.0 = Release|Any CPU
	EndGlobalSection
	GlobalSection(SolutionProperties) = preSolution
		HideSolutionNode = FALSE
	EndGlobalSection
	GlobalSection(ExtensibilityGlobals) = postSolution
		SolutionGuid = {12544B2E-029F-4B93-87B8-4657D06E8D8F}
	EndGlobalSection
EndGlobal
